
Microsoft Visual Studio Solution File, Format Version 12.00
# Visual Studio Version 17
VisualStudioVersion = 17.14.36301.6 d17.14
MinimumVisualStudioVersion = 10.0.40219.1
Project("{FAE04EC0-301F-11D3-BF4B-00C04F79EFBC}") = "RequestLoggerDemo", "RequestLoggerDemo\RequestLoggerDemo.csproj", "{123BE3E7-E2AA-43B2-8837-3B47D86D94DF}"
EndProject
Global
	GlobalSection(SolutionConfigurationPlatforms) = preSolution
		Debug|Any CPU = Debug|Any CPU
		Release|Any CPU = Release|Any CPU
	EndGlobalSection
	GlobalSection(ProjectConfigurationPlatforms) = postSolution
		{123BE3E7-E2AA-43B2-8837-3B47D86D94DF}.Debug|Any CPU.ActiveCfg = Debug|Any CPU
		{123BE3E7-E2AA-43B2-8837-3B47D86D94DF}.Debug|Any CPU.Build.0 = Debug|Any CPU
		{123BE3E7-E2AA-43B2-8837-3B47D86D94DF}.Release|Any CPU.ActiveCfg = Release|Any CPU
		{123BE3E7-E2AA-43B2-8837-3B47D86D94DF}.Release|Any CPU.Build.0 = Release|Any CPU
	EndGlobalSection
	GlobalSection(SolutionProperties) = preSolution
		HideSolutionNode = FALSE
	EndGlobalSection
	GlobalSection(ExtensibilityGlobals) = postSolution
		SolutionGuid = {F42B2057-9810-44FD-A427-42BDA1C1356C}
	EndGlobalSection
EndGlobal
